
Microsoft Visual Studio Solution File, Format Version 12.00
# Visual Studio Version 17
VisualStudioVersion = 17.14.36408.4 d17.14
MinimumVisualStudioVersion = 10.0.40219.1
Project("{8BC9CEB8-8B4A-11D0-8D11-00A0C91BC942}") = "Test", "Test.vcxproj", "{3F7116F7-9786-4190-B78A-A24EC56DE718}"
EndProject
Global
	GlobalSection(SolutionConfigurationPlatforms) = preSolution
		Debug|x64 = Debug|x64
		Debug|x86 = Debug|x86
		Release|x64 = Release|x64
		Release|x86 = Release|x86
	EndGlobalSection
	GlobalSection(ProjectConfigurationPlatforms) = postSolution
		{3F7116F7-9786-4190-B78A-A24EC56DE718}.Debug|x64.ActiveCfg = Debug|x64
		{3F7116F7-9786-4190-B78A-A24EC56DE718}.Debug|x64.Build.0 = Debug|x64
		{3F7116F7-9786-4190-B78A-A24EC56DE718}.Debug|x86.ActiveCfg = Debug|Win32
		{3F7116F7-9786-4190-B78A-A24EC56DE718}.Debug|x86.Build.0 = Debug|Win32
		{3F7116F7-9786-4190-B78A-A24EC56DE718}.Release|x64.ActiveCfg = Release|x64
		{3F7116F7-9786-4190-B78A-A24EC56DE718}.Release|x64.Build.0 = Release|x64
		{3F7116F7-9786-4190-B78A-A24EC56DE718}.Release|x86.ActiveCfg = Release|Win32
		{3F7116F7-9786-4190-B78A-A24EC56DE718}.Release|x86.Build.0 = Release|Win32
	EndGlobalSection
	GlobalSection(SolutionProperties) = preSolution
		HideSolutionNode = FALSE
	EndGlobalSection
	GlobalSection(ExtensibilityGlobals) = postSolution
		SolutionGuid = {F391FD82-F5BB-4364-87E7-3E321DEA4A94}
	EndGlobalSection
EndGlobal
